# GENERATED by Base Vault/Tools/v0.8.0-r2/update-plugin-lock.py (W-331). Controlled plugin release for MDSE vaults.
# MDSE Bootstrap verifies the installed plugins against this file. Do not edit by hand.
schema: 2
obsidianMinVersion: "1.13.0"
requiredCorePlugins: [bases, canvas, properties, file-explorer, command-palette]
disabledCorePlugins: [templates]
plugins:
  mdse-bootstrap:
    version: "0.3.1"
    source: "Test_Vault_ Bootstrap controlled build"
    settings: default
    sha256:
      main.js: 16339af93abe34dc053ac2a8a60db7c081f7b07d584aa4b8d942fd9081eb0c62
      manifest.json: 15586ffbfabee6a99d6b51777558ad2a36184eefa4b9ff782eb325350b61833a
      styles.css: dd7ba34452810f9d39ea03395fae66469decb386de83e6ab66d7a345e42ca645
  mdse-workbench:
    version: "0.1.17"
    source: "spencerskelly/MDSE_Workbench (built)"
    settings: default
    sha256:
      main.js: aa9327b66f1f7bf0f26dc9fa660271b53f3a9191596e9d933587429432f15241
      manifest.json: a898ec3acce99650f18ded11235a236881ce8a8de86bfc857c70c5c4508d0e5d
      styles.css: 445abe199f3dbf00724dc3cffa13aed58fc087adc9396e79de18ebe6b274b008
  templater-obsidian:
    version: "2.25.0"
    source: "github.com/SilentVoid13/Templater release"
    settings: governed
    sha256:
      main.js: 6a29790e8ad3bb3de5bcc7381588f20093b2dbecc1ff27d8a5d7ed3fcebbdf4e
      manifest.json: 75985188fac8b518eebb791370a24dae1a2476cce3912de4709778dbde0171e4
      styles.css: eb94063be602679f397e3e35fcb7f6a4b027da82e17c213bb44a267c6b45d8de
      data.json: f1f07fef40bb321376a4392fb87f86f85d42d3fed7ffe3ae701eddf8eb999154
  fileclass:
    version: "0.2.15"
    source: "github.com/mdelobelle/fileclass release"
    settings: governed
    sha256:
      main.js: 2ef2199710b4b9a2b9e2307ba6218b591557667e4fa11b09906844f0bcc78d64
      manifest.json: d40f1802e1fa1fa1b2245cc52f56b8030a947747a733cf67eae03d4a452b312b
      styles.css: da16243f2e928592e05e5b31db5620f9bcd00ffc45a92453d30c53953e5c5ccb
      data.json: 1bfc926d4532b641d440be621b87455fdeebd58db8cee2986f48ba55adb1d654
  breadcrumbs:
    version: "4.21.11"
    source: "github.com/michaelpporter/breadcrumbs release"
    settings: governed
    sha256:
      main.js: 7c51717ee9ef0846d39bceba2b518f344027e3cbef0722cf303cbd8ac5ec21d7
      manifest.json: 5561437e5e25a954bc2db53ca7404d54887960338b2ca5f1cd24fd594338528b
      styles.css: 674de457b453895a59e342466c378f5272d265900bf9e8b6d50d892cc37d5c60
      data.json: f9ff4cd407a5f3ad7c53ddf4614af6bf5fc0f3f15a9873934ff513b49fc2a035
  obsidian-git:
    version: "2.40.0"
    source: "github.com/Vinzent03/obsidian-git release"
    settings: governed
    sha256:
      main.js: 6f198f140be39254c410c21998c1bd86f9a077ad415604356382e5dc5836e1a1
      manifest.json: c9f0d49c2094c4751b97e395015b49761651944c371cba67bbf6a46170f2cb91
      styles.css: f5ab93f4d5b4dd1bd1e577864c5c79087f7adfd448ac346e0489e5847ce6922d
      data.json: 1bbb149152720ab80c8a1e492b2f8379aa92c5b6876ebd58301c6f1d8c3d3045
  dataview:
    version: "0.5.68"
    source: "github.com/blacksmithgu/obsidian-dataview release"
    settings: default
    sha256:
      main.js: 794e9eaede73920bb8d54b0eda4f5de2182d698cc638774500f24f14bcd4da0b
      manifest.json: 9235db47112da81b85591c79ecb9ae2574e5e72207056e976472f90616286185
      styles.css: 3306dd9032e00f989ba7233a37fd255bc4d3f4340cee661762e952f3f6aa1de9
  advanced-canvas:
    version: "7.0.0"
    source: "github.com/Developer-Mike/obsidian-advanced-canvas release"
    settings: default
    sha256:
      main.js: 23abd43b34b0c9e7c8f6d5ec5e1de956456a2476ba35b3741324cdc0f2b6473a
      manifest.json: fff5de13d5d185903ea37a7679728963f45cd25fd88dedf20998e5a3a80bd751
      styles.css: 3646804b9160e5542b7fc9fec19392e82917c118d110f9a8d88ddb938923922c
  nodian:
    version: "1.4.14"
    source: "github.com/akisantin/Nodian release"
    settings: default
    sha256:
      main.js: 8541044360ba0a9679f162915809420a3b62416e161e32c12a9e9fcbd540c085
      manifest.json: bfdf140a16be2c5da5b6b859a8e4c3383528bd5b3dba8a4b9a8da83b3a6d476b
      styles.css: abe83c3157716dba7fc77be6d8ca7a755674e9bc7ad58abb00f117d5685feeac
  quickadd:
    version: "2.23.0"
    source: "github.com/chhoumann/quickadd release"
    settings: default
    sha256:
      main.js: accdb8c8baa8ca66831f4bfcdb008ad342bfefcda0da0ba27a1a00e31eeed3ae
      manifest.json: 648394b37751f374398a22adaf41f273531b9363484875b4c5de735969e2dd24
      styles.css: 7e9867b1fd842ae9aa2cda92e0ce3e1796adb482adc3404b5adbd819eaac6967
  table-exporter:
    version: "0.3.0"
    source: "github.com/wikty/obsidian-table-exporter release"
    settings: default
    sha256:
      main.js: 6e82042f4332444d676faaf8e17945751cb7f76447bcfa715c27d92dbedd413e
      manifest.json: 46721c4f463ac28ee04dca97eb832f038dda638295e2ee547845e5fe043c3da8
      styles.css: f59b1ba306dc5fe706126cf1873f0759685c97da7b3354332deeea8eb6cfe3ce
